
Microsoft Visual Studio Solution File, Format Version 12.00
# Visual Studio 15
VisualStudioVersion = 15.0.26430.15
MinimumVisualStudioVersion = 10.0.40219.1
Project("{FAE04EC0-301F-11D3-BF4B-00C04F79EFBC}") = "Lab4", "Lab4\Lab4.csproj", "{90C49ED9-07DE-4331-8E7A-271AA45CDE67}"
EndProject
Global
	GlobalSection(SolutionConfigurationPlatforms) = preSolution
		Ad-Hoc|iPhone = Ad-Hoc|iPhone
		Ad-Hoc|iPhoneSimulator = Ad-Hoc|iPhoneSimulator
		AppStore|iPhone = AppStore|iPhone
		AppStore|iPhoneSimulator = AppStore|iPhoneSimulator
		Debug|iPhone = Debug|iPhone
		Debug|iPhoneSimulator = Debug|iPhoneSimulator
		Release|iPhone = Release|iPhone
		Release|iPhoneSimulator = Release|iPhoneSimulator
	EndGlobalSection
	GlobalSection(ProjectConfigurationPlatforms) = postSolution
		{90C49ED9-07DE-4331-8E7A-271AA45CDE67}.Ad-Hoc|iPhone.ActiveCfg = Ad-Hoc|iPhone
		{90C49ED9-07DE-4331-8E7A-271AA45CDE67}.Ad-Hoc|iPhone.Build.0 = Ad-Hoc|iPhone
		{90C49ED9-07DE-4331-8E7A-271AA45CDE67}.Ad-Hoc|iPhoneSimulator.ActiveCfg = Ad-Hoc|iPhoneSimulator
		{90C49ED9-07DE-4331-8E7A-271AA45CDE67}.Ad-Hoc|iPhoneSimulator.Build.0 = Ad-Hoc|iPhoneSimulator
		{90C49ED9-07DE-4331-8E7A-271AA45CDE67}.AppStore|iPhone.ActiveCfg = AppStore|iPhone
		{90C49ED9-07DE-4331-8E7A-271AA45CDE67}.AppStore|iPhone.Build.0 = AppStore|iPhone
		{90C49ED9-07DE-4331-8E7A-271AA45CDE67}.AppStore|iPhoneSimulator.ActiveCfg = AppStore|iPhoneSimulator
		{90C49ED9-07DE-4331-8E7A-271AA45CDE67}.AppStore|iPhoneSimulator.Build.0 = AppStore|iPhoneSimulator
		{90C49ED9-07DE-4331-8E7A-271AA45CDE67}.Debug|iPhone.ActiveCfg = Debug|iPhone
		{90C49ED9-07DE-4331-8E7A-271AA45CDE67}.Debug|iPhone.Build.0 = Debug|iPhone
		{90C49ED9-07DE-4331-8E7A-271AA45CDE67}.Debug|iPhoneSimulator.ActiveCfg = Debug|iPhoneSimulator
		{90C49ED9-07DE-4331-8E7A-271AA45CDE67}.Debug|iPhoneSimulator.Build.0 = Debug|iPhoneSimulator
		{90C49ED9-07DE-4331-8E7A-271AA45CDE67}.Release|iPhone.ActiveCfg = Release|iPhone
		{90C49ED9-07DE-4331-8E7A-271AA45CDE67}.Release|iPhone.Build.0 = Release|iPhone
		{90C49ED9-07DE-4331-8E7A-271AA45CDE67}.Release|iPhoneSimulator.ActiveCfg = Release|iPhoneSimulator
		{90C49ED9-07DE-4331-8E7A-271AA45CDE67}.Release|iPhoneSimulator.Build.0 = Release|iPhoneSimulator
	EndGlobalSection
	GlobalSection(SolutionProperties) = preSolution
		HideSolutionNode = FALSE
	EndGlobalSection
EndGlobal
